
Microsoft Visual Studio Solution File, Format Version 12.00
# Visual Studio Version 17
VisualStudioVersion = 17.10.35027.167
MinimumVisualStudioVersion = 10.0.40219.1
Project("{8BC9CEB8-8B4A-11D0-8D11-00A0C91BC942}") = "5-Fonksiyonlar", "5-Fonksiyonlar\5-Fonksiyonlar.vcxproj", "{8EDF884A-F1FF-44C2-B102-6DCF46DFECEE}"
EndProject
Project("{8BC9CEB8-8B4A-11D0-8D11-00A0C91BC942}") = "6-AkışKontrolleri", "6-AkışKontrolleri\6-AkışKontrolleri.vcxproj", "{CFAA245C-2AE3-4FCF-A0C7-2A243B304CFE}"
EndProject
Project("{8BC9CEB8-8B4A-11D0-8D11-00A0C91BC942}") = "7-Diziler", "7-Diziler\7-Diziler.vcxproj", "{F8BEDC43-4FF4-4475-BFC8-CFEE322F5B96}"
EndProject
Project("{8BC9CEB8-8B4A-11D0-8D11-00A0C91BC942}") = "1-Variables", "1-Variables\1-Variables.vcxproj", "{D2ACFBC5-4614-4395-8510-5C1B739E2829}"
EndProject
Project("{8BC9CEB8-8B4A-11D0-8D11-00A0C91BC942}") = "2-Veri Tipleri", "2-Veri Tipleri\2-Veri Tipleri.vcxproj", "{8D56FD7E-B3BC-44FF-B5ED-6F32BD6F458E}"
EndProject
Project("{8BC9CEB8-8B4A-11D0-8D11-00A0C91BC942}") = "3-Oparatörler", "3-Oparatörler\3-Oparatörler.vcxproj", "{37AA9F41-DD1D-4C09-9BA7-59EE88A3CAB4}"
EndProject
Project("{8BC9CEB8-8B4A-11D0-8D11-00A0C91BC942}") = "4-Değişken ve RAM", "4-Değişken ve RAM\4-Değişken ve RAM.vcxproj", "{40E4B19B-6DD9-4B38-8D18-080A79B8741A}"
EndProject
Project("{8BC9CEB8-8B4A-11D0-8D11-00A0C91BC942}") = "8-Nesneye Yönelik Programlama", "8-Nesneye Yönelik Programlama\8-Nesneye Yönelik Programlama.vcxproj", "{0B0E11CB-B05E-4FA0-B809-608B470A4E87}"
EndProject
Project("{8BC9CEB8-8B4A-11D0-8D11-00A0C91BC942}") = "9-İstisnalar", "9-İstisnalar\9-İstisnalar.vcxproj", "{4B7E0F5C-BB93-429A-ACC7-94D810637855}"
EndProject
Project("{8BC9CEB8-8B4A-11D0-8D11-00A0C91BC942}") = "10-Şablonlar", "10-Şablonlar\10-Şablonlar.vcxproj", "{2FE07064-7618-4517-989E-733447302285}"
EndProject
Project("{8BC9CEB8-8B4A-11D0-8D11-00A0C91BC942}") = "11-Bellek Yönetimi", "11-Bellek Yönetimi\11-Bellek Yönetimi.vcxproj", "{5EFF90D1-D117-47FD-B231-CA8583CA1282}"
EndProject
Project("{8BC9CEB8-8B4A-11D0-8D11-00A0C91BC942}") = "12-Ön İşlemciler", "12-Ön İşlemciler\12-Ön İşlemciler.vcxproj", "{7D02AD11-D373-4092-9C85-5F8F22949983}"
EndProject
Global
	GlobalSection(SolutionConfigurationPlatforms) = preSolution
		Debug|x64 = Debug|x64
		Debug|x86 = Debug|x86
		Release|x64 = Release|x64
		Release|x86 = Release|x86
	EndGlobalSection
	GlobalSection(ProjectConfigurationPlatforms) = postSolution
		{8EDF884A-F1FF-44C2-B102-6DCF46DFECEE}.Debug|x64.ActiveCfg = Debug|x64
		{8EDF884A-F1FF-44C2-B102-6DCF46DFECEE}.Debug|x64.Build.0 = Debug|x64
		{8EDF884A-F1FF-44C2-B102-6DCF46DFECEE}.Debug|x86.ActiveCfg = Debug|Win32
		{8EDF884A-F1FF-44C2-B102-6DCF46DFECEE}.Debug|x86.Build.0 = Debug|Win32
		{8EDF884A-F1FF-44C2-B102-6DCF46DFECEE}.Release|x64.ActiveCfg = Release|x64
		{8EDF884A-F1FF-44C2-B102-6DCF46DFECEE}.Release|x64.Build.0 = Release|x64
		{8EDF884A-F1FF-44C2-B102-6DCF46DFECEE}.Release|x86.ActiveCfg = Release|Win32
		{8EDF884A-F1FF-44C2-B102-6DCF46DFECEE}.Release|x86.Build.0 = Release|Win32
		{CFAA245C-2AE3-4FCF-A0C7-2A243B304CFE}.Debug|x64.ActiveCfg = Debug|x64
		{CFAA245C-2AE3-4FCF-A0C7-2A243B304CFE}.Debug|x64.Build.0 = Debug|x64
		{CFAA245C-2AE3-4FCF-A0C7-2A243B304CFE}.Debug|x86.ActiveCfg = Debug|Win32
		{CFAA245C-2AE3-4FCF-A0C7-2A243B304CFE}.Debug|x86.Build.0 = Debug|Win32
		{CFAA245C-2AE3-4FCF-A0C7-2A243B304CFE}.Release|x64.ActiveCfg = Release|x64
		{CFAA245C-2AE3-4FCF-A0C7-2A243B304CFE}.Release|x64.Build.0 = Release|x64
		{CFAA245C-2AE3-4FCF-A0C7-2A243B304CFE}.Release|x86.ActiveCfg = Release|Win32
		{CFAA245C-2AE3-4FCF-A0C7-2A243B304CFE}.Release|x86.Build.0 = Release|Win32
		{F8BEDC43-4FF4-4475-BFC8-CFEE322F5B96}.Debug|x64.ActiveCfg = Debug|x64
		{F8BEDC43-4FF4-4475-BFC8-CFEE322F5B96}.Debug|x64.Build.0 = Debug|x64
		{F8BEDC43-4FF4-4475-BFC8-CFEE322F5B96}.Debug|x86.ActiveCfg = Debug|Win32
		{F8BEDC43-4FF4-4475-BFC8-CFEE322F5B96}.Debug|x86.Build.0 = Debug|Win32
		{F8BEDC43-4FF4-4475-BFC8-CFEE322F5B96}.Release|x64.ActiveCfg = Release|x64
		{F8BEDC43-4FF4-4475-BFC8-CFEE322F5B96}.Release|x64.Build.0 = Release|x64
		{F8BEDC43-4FF4-4475-BFC8-CFEE322F5B96}.Release|x86.ActiveCfg = Release|Win32
		{F8BEDC43-4FF4-4475-BFC8-CFEE322F5B96}.Release|x86.Build.0 = Release|Win32
		{D2ACFBC5-4614-4395-8510-5C1B739E2829}.Debug|x64.ActiveCfg = Debug|x64
		{D2ACFBC5-4614-4395-8510-5C1B739E2829}.Debug|x64.Build.0 = Debug|x64
		{D2ACFBC5-4614-4395-8510-5C1B739E2829}.Debug|x86.ActiveCfg = Debug|Win32
		{D2ACFBC5-4614-4395-8510-5C1B739E2829}.Debug|x86.Build.0 = Debug|Win32
		{D2ACFBC5-4614-4395-8510-5C1B739E2829}.Release|x64.ActiveCfg = Release|x64
		{D2ACFBC5-4614-4395-8510-5C1B739E2829}.Release|x64.Build.0 = Release|x64
		{D2ACFBC5-4614-4395-8510-5C1B739E2829}.Release|x86.ActiveCfg = Release|Win32
		{D2ACFBC5-4614-4395-8510-5C1B739E2829}.Release|x86.Build.0 = Release|Win32
		{8D56FD7E-B3BC-44FF-B5ED-6F32BD6F458E}.Debug|x64.ActiveCfg = Debug|x64
		{8D56FD7E-B3BC-44FF-B5ED-6F32BD6F458E}.Debug|x64.Build.0 = Debug|x64
		{8D56FD7E-B3BC-44FF-B5ED-6F32BD6F458E}.Debug|x86.ActiveCfg = Debug|Win32
		{8D56FD7E-B3BC-44FF-B5ED-6F32BD6F458E}.Debug|x86.Build.0 = Debug|Win32
		{8D56FD7E-B3BC-44FF-B5ED-6F32BD6F458E}.Release|x64.ActiveCfg = Release|x64
		{8D56FD7E-B3BC-44FF-B5ED-6F32BD6F458E}.Release|x64.Build.0 = Release|x64
		{8D56FD7E-B3BC-44FF-B5ED-6F32BD6F458E}.Release|x86.ActiveCfg = Release|Win32
		{8D56FD7E-B3BC-44FF-B5ED-6F32BD6F458E}.Release|x86.Build.0 = Release|Win32
		{37AA9F41-DD1D-4C09-9BA7-59EE88A3CAB4}.Debug|x64.ActiveCfg = Debug|x64
		{37AA9F41-DD1D-4C09-9BA7-59EE88A3CAB4}.Debug|x64.Build.0 = Debug|x64
		{37AA9F41-DD1D-4C09-9BA7-59EE88A3CAB4}.Debug|x86.ActiveCfg = Debug|Win32
		{37AA9F41-DD1D-4C09-9BA7-59EE88A3CAB4}.Debug|x86.Build.0 = Debug|Win32
		{37AA9F41-DD1D-4C09-9BA7-59EE88A3CAB4}.Release|x64.ActiveCfg = Release|x64
		{37AA9F41-DD1D-4C09-9BA7-59EE88A3CAB4}.Release|x64.Build.0 = Release|x64
		{37AA9F41-DD1D-4C09-9BA7-59EE88A3CAB4}.Release|x86.ActiveCfg = Release|Win32
		{37AA9F41-DD1D-4C09-9BA7-59EE88A3CAB4}.Release|x86.Build.0 = Release|Win32
		{40E4B19B-6DD9-4B38-8D18-080A79B8741A}.Debug|x64.ActiveCfg = Debug|x64
		{40E4B19B-6DD9-4B38-8D18-080A79B8741A}.Debug|x64.Build.0 = Debug|x64
		{40E4B19B-6DD9-4B38-8D18-080A79B8741A}.Debug|x86.ActiveCfg = Debug|Win32
		{40E4B19B-6DD9-4B38-8D18-080A79B8741A}.Debug|x86.Build.0 = Debug|Win32
		{40E4B19B-6DD9-4B38-8D18-080A79B8741A}.Release|x64.ActiveCfg = Release|x64
		{40E4B19B-6DD9-4B38-8D18-080A79B8741A}.Release|x64.Build.0 = Release|x64
		{40E4B19B-6DD9-4B38-8D18-080A79B8741A}.Release|x86.ActiveCfg = Release|Win32
		{40E4B19B-6DD9-4B38-8D18-080A79B8741A}.Release|x86.Build.0 = Release|Win32
		{0B0E11CB-B05E-4FA0-B809-608B470A4E87}.Debug|x64.ActiveCfg = Debug|x64
		{0B0E11CB-B05E-4FA0-B809-608B470A4E87}.Debug|x64.Build.0 = Debug|x64
		{0B0E11CB-B05E-4FA0-B809-608B470A4E87}.Debug|x86.ActiveCfg = Debug|Win32
		{0B0E11CB-B05E-4FA0-B809-608B470A4E87}.Debug|x86.Build.0 = Debug|Win32
		{0B0E11CB-B05E-4FA0-B809-608B470A4E87}.Release|x64.ActiveCfg = Release|x64
		{0B0E11CB-B05E-4FA0-B809-608B470A4E87}.Release|x64.Build.0 = Release|x64
		{0B0E11CB-B05E-4FA0-B809-608B470A4E87}.Release|x86.ActiveCfg = Release|Win32
		{0B0E11CB-B05E-4FA0-B809-608B470A4E87}.Release|x86.Build.0 = Release|Win32
		{4B7E0F5C-BB93-429A-ACC7-94D810637855}.Debug|x64.ActiveCfg = Debug|x64
		{4B7E0F5C-BB93-429A-ACC7-94D810637855}.Debug|x64.Build.0 = Debug|x64
		{4B7E0F5C-BB93-429A-ACC7-94D810637855}.Debug|x86.ActiveCfg = Debug|Win32
		{4B7E0F5C-BB93-429A-ACC7-94D810637855}.Debug|x86.Build.0 = Debug|Win32
		{4B7E0F5C-BB93-429A-ACC7-94D810637855}.Release|x64.ActiveCfg = Release|x64
		{4B7E0F5C-BB93-429A-ACC7-94D810637855}.Release|x64.Build.0 = Release|x64
		{4B7E0F5C-BB93-429A-ACC7-94D810637855}.Release|x86.ActiveCfg = Release|Win32
		{4B7E0F5C-BB93-429A-ACC7-94D810637855}.Release|x86.Build.0 = Release|Win32
		{2FE07064-7618-4517-989E-733447302285}.Debug|x64.ActiveCfg = Debug|x64
		{2FE07064-7618-4517-989E-733447302285}.Debug|x64.Build.0 = Debug|x64
		{2FE07064-7618-4517-989E-733447302285}.Debug|x86.ActiveCfg = Debug|Win32
		{2FE07064-7618-4517-989E-733447302285}.Debug|x86.Build.0 = Debug|Win32
		{2FE07064-7618-4517-989E-733447302285}.Release|x64.ActiveCfg = Release|x64
		{2FE07064-7618-4517-989E-733447302285}.Release|x64.Build.0 = Release|x64
		{2FE07064-7618-4517-989E-733447302285}.Release|x86.ActiveCfg = Release|Win32
		{2FE07064-7618-4517-989E-733447302285}.Release|x86.Build.0 = Release|Win32
		{5EFF90D1-D117-47FD-B231-CA8583CA1282}.Debug|x64.ActiveCfg = Debug|x64
		{5EFF90D1-D117-47FD-B231-CA8583CA1282}.Debug|x64.Build.0 = Debug|x64
		{5EFF90D1-D117-47FD-B231-CA8583CA1282}.Debug|x86.ActiveCfg = Debug|Win32
		{5EFF90D1-D117-47FD-B231-CA8583CA1282}.Debug|x86.Build.0 = Debug|Win32
		{5EFF90D1-D117-47FD-B231-CA8583CA1282}.Release|x64.ActiveCfg = Release|x64
		{5EFF90D1-D117-47FD-B231-CA8583CA1282}.Release|x64.Build.0 = Release|x64
		{5EFF90D1-D117-47FD-B231-CA8583CA1282}.Release|x86.ActiveCfg = Release|Win32
		{5EFF90D1-D117-47FD-B231-CA8583CA1282}.Release|x86.Build.0 = Release|Win32
		{7D02AD11-D373-4092-9C85-5F8F22949983}.Debug|x64.ActiveCfg = Debug|x64
		{7D02AD11-D373-4092-9C85-5F8F22949983}.Debug|x64.Build.0 = Debug|x64
		{7D02AD11-D373-4092-9C85-5F8F22949983}.Debug|x86.ActiveCfg = Debug|Win32
		{7D02AD11-D373-4092-9C85-5F8F22949983}.Debug|x86.Build.0 = Debug|Win32
		{7D02AD11-D373-4092-9C85-5F8F22949983}.Release|x64.ActiveCfg = Release|x64
		{7D02AD11-D373-4092-9C85-5F8F22949983}.Release|x64.Build.0 = Release|x64
		{7D02AD11-D373-4092-9C85-5F8F22949983}.Release|x86.ActiveCfg = Release|Win32
		{7D02AD11-D373-4092-9C85-5F8F22949983}.Release|x86.Build.0 = Release|Win32
	EndGlobalSection
	GlobalSection(SolutionProperties) = preSolution
		HideSolutionNode = FALSE
	EndGlobalSection
	GlobalSection(ExtensibilityGlobals) = postSolution
		SolutionGuid = {830BEB3E-B4A8-4B06-A46A-7C5229FA82F8}
	EndGlobalSection
EndGlobal
